
Microsoft Visual Studio Solution File, Format Version 12.00
# Visual Studio Version 17
VisualStudioVersion = 17.0.31903.59
MinimumVisualStudioVersion = 10.0.40219.1
Project("{FAE04EC0-301F-11D3-BF4B-00C04F79EFBC}") = "ClientDocumentPortal.Domain", "ClientDocumentPortal.Domain\ClientDocumentPortal.Domain.csproj", "{4DB08073-DB94-42E2-9D47-B310ED80DC66}"
EndProject
Project("{FAE04EC0-301F-11D3-BF4B-00C04F79EFBC}") = "ClientDocumentPortal.Application", "ClientDocumentPortal.Application\ClientDocumentPortal.Application.csproj", "{DD95DF7D-FB93-4699-BC4C-77C6C076EEC3}"
EndProject
Project("{FAE04EC0-301F-11D3-BF4B-00C04F79EFBC}") = "ClientDocumentPortal.Infrastructure", "ClientDocumentPortal.Infrastructure\ClientDocumentPortal.Infrastructure.csproj", "{21BDEB56-C9D6-4F00-86F1-6179FA23F8B5}"
EndProject
Project("{FAE04EC0-301F-11D3-BF4B-00C04F79EFBC}") = "ClientDocumentPortal.Web", "ClientDocumentPortal.Web\ClientDocumentPortal.Web.csproj", "{288AE70D-B68A-4328-B2C9-5D29E5873E69}"
EndProject
Global
	GlobalSection(SolutionConfigurationPlatforms) = preSolution
		Debug|Any CPU = Debug|Any CPU
		Debug|x64 = Debug|x64
		Debug|x86 = Debug|x86
		Release|Any CPU = Release|Any CPU
		Release|x64 = Release|x64
		Release|x86 = Release|x86
	EndGlobalSection
	GlobalSection(ProjectConfigurationPlatforms) = postSolution
		{4DB08073-DB94-42E2-9D47-B310ED80DC66}.Debug|Any CPU.ActiveCfg = Debug|Any CPU
		{4DB08073-DB94-42E2-9D47-B310ED80DC66}.Debug|Any CPU.Build.0 = Debug|Any CPU
		{4DB08073-DB94-42E2-9D47-B310ED80DC66}.Debug|x64.ActiveCfg = Debug|Any CPU
		{4DB08073-DB94-42E2-9D47-B310ED80DC66}.Debug|x64.Build.0 = Debug|Any CPU
		{4DB08073-DB94-42E2-9D47-B310ED80DC66}.Debug|x86.ActiveCfg = Debug|Any CPU
		{4DB08073-DB94-42E2-9D47-B310ED80DC66}.Debug|x86.Build.0 = Debug|Any CPU
		{4DB08073-DB94-42E2-9D47-B310ED80DC66}.Release|Any CPU.ActiveCfg = Release|Any CPU
		{4DB08073-DB94-42E2-9D47-B310ED80DC66}.Release|Any CPU.Build.0 = Release|Any CPU
		{4DB08073-DB94-42E2-9D47-B310ED80DC66}.Release|x64.ActiveCfg = Release|Any CPU
		{4DB08073-DB94-42E2-9D47-B310ED80DC66}.Release|x64.Build.0 = Release|Any CPU
		{4DB08073-DB94-42E2-9D47-B310ED80DC66}.Release|x86.ActiveCfg = Release|Any CPU
		{4DB08073-DB94-42E2-9D47-B310ED80DC66}.Release|x86.Build.0 = Release|Any CPU
		{DD95DF7D-FB93-4699-BC4C-77C6C076EEC3}.Debug|Any CPU.ActiveCfg = Debug|Any CPU
		{DD95DF7D-FB93-4699-BC4C-77C6C076EEC3}.Debug|Any CPU.Build.0 = Debug|Any CPU
		{DD95DF7D-FB93-4699-BC4C-77C6C076EEC3}.Debug|x64.ActiveCfg = Debug|Any CPU
		{DD95DF7D-FB93-4699-BC4C-77C6C076EEC3}.Debug|x64.Build.0 = Debug|Any CPU
		{DD95DF7D-FB93-4699-BC4C-77C6C076EEC3}.Debug|x86.ActiveCfg = Debug|Any CPU
		{DD95DF7D-FB93-4699-BC4C-77C6C076EEC3}.Debug|x86.Build.0 = Debug|Any CPU
		{DD95DF7D-FB93-4699-BC4C-77C6C076EEC3}.Release|Any CPU.ActiveCfg = Release|Any CPU
		{DD95DF7D-FB93-4699-BC4C-77C6C076EEC3}.Release|Any CPU.Build.0 = Release|Any CPU
		{DD95DF7D-FB93-4699-BC4C-77C6C076EEC3}.Release|x64.ActiveCfg = Release|Any CPU
		{DD95DF7D-FB93-4699-BC4C-77C6C076EEC3}.Release|x64.Build.0 = Release|Any CPU
		{DD95DF7D-FB93-4699-BC4C-77C6C076EEC3}.Release|x86.ActiveCfg = Release|Any CPU
		{DD95DF7D-FB93-4699-BC4C-77C6C076EEC3}.Release|x86.Build.0 = Release|Any CPU
		{21BDEB56-C9D6-4F00-86F1-6179FA23F8B5}.Debug|Any CPU.ActiveCfg = Debug|Any CPU
		{21BDEB56-C9D6-4F00-86F1-6179FA23F8B5}.Debug|Any CPU.Build.0 = Debug|Any CPU
		{21BDEB56-C9D6-4F00-86F1-6179FA23F8B5}.Debug|x64.ActiveCfg = Debug|Any CPU
		{21BDEB56-C9D6-4F00-86F1-6179FA23F8B5}.Debug|x64.Build.0 = Debug|Any CPU
		{21BDEB56-C9D6-4F00-86F1-6179FA23F8B5}.Debug|x86.ActiveCfg = Debug|Any CPU
		{21BDEB56-C9D6-4F00-86F1-6179FA23F8B5}.Debug|x86.Build.0 = Debug|Any CPU
		{21BDEB56-C9D6-4F00-86F1-6179FA23F8B5}.Release|Any CPU.ActiveCfg = Release|Any CPU
		{21BDEB56-C9D6-4F00-86F1-6179FA23F8B5}.Release|Any CPU.Build.0 = Release|Any CPU
		{21BDEB56-C9D6-4F00-86F1-6179FA23F8B5}.Release|x64.ActiveCfg = Release|Any CPU
		{21BDEB56-C9D6-4F00-86F1-6179FA23F8B5}.Release|x64.Build.0 = Release|Any CPU
		{21BDEB56-C9D6-4F00-86F1-6179FA23F8B5}.Release|x86.ActiveCfg = Release|Any CPU
		{21BDEB56-C9D6-4F00-86F1-6179FA23F8B5}.Release|x86.Build.0 = Release|Any CPU
		{288AE70D-B68A-4328-B2C9-5D29E5873E69}.Debug|Any CPU.ActiveCfg = Debug|Any CPU
		{288AE70D-B68A-4328-B2C9-5D29E5873E69}.Debug|Any CPU.Build.0 = Debug|Any CPU
		{288AE70D-B68A-4328-B2C9-5D29E5873E69}.Debug|x64.ActiveCfg = Debug|Any CPU
		{288AE70D-B68A-4328-B2C9-5D29E5873E69}.Debug|x64.Build.0 = Debug|Any CPU
		{288AE70D-B68A-4328-B2C9-5D29E5873E69}.Debug|x86.ActiveCfg = Debug|Any CPU
		{288AE70D-B68A-4328-B2C9-5D29E5873E69}.Debug|x86.Build.0 = Debug|Any CPU
		{288AE70D-B68A-4328-B2C9-5D29E5873E69}.Release|Any CPU.ActiveCfg = Release|Any CPU
		{288AE70D-B68A-4328-B2C9-5D29E5873E69}.Release|Any CPU.Build.0 = Release|Any CPU
		{288AE70D-B68A-4328-B2C9-5D29E5873E69}.Release|x64.ActiveCfg = Release|Any CPU
		{288AE70D-B68A-4328-B2C9-5D29E5873E69}.Release|x64.Build.0 = Release|Any CPU
		{288AE70D-B68A-4328-B2C9-5D29E5873E69}.Release|x86.ActiveCfg = Release|Any CPU
		{288AE70D-B68A-4328-B2C9-5D29E5873E69}.Release|x86.Build.0 = Release|Any CPU
	EndGlobalSection
	GlobalSection(SolutionProperties) = preSolution
		HideSolutionNode = FALSE
	EndGlobalSection
EndGlobal
